
Microsoft Visual Studio Solution File, Format Version 12.00
# Visual Studio Version 17
VisualStudioVersion = 17.9.34728.123
MinimumVisualStudioVersion = 10.0.40219.1
Project("{9A19103F-16F7-4668-BE54-9A1E7A4F7556}") = "PRN212_Slot1_Bai1", "PRN212_Slot1_Bai1.csproj", "{1FDAB747-AA68-4A96-B802-AF5169A56479}"
EndProject
Project("{9A19103F-16F7-4668-BE54-9A1E7A4F7556}") = "PRN212_Slot1_Bai2", "..\PRN212_Slot1_Bai2\PRN212_Slot1_Bai2.csproj", "{3FE4145E-411C-44F1-ACC1-5A8FD870B69B}"
EndProject
Project("{2150E333-8FDC-42A3-9474-1A3956D46DE8}") = "PRN212_Slot1_Bai3", "PRN212_Slot1_Bai3", "{BF3E4D65-0D21-4DF7-BA1D-A36837F619FD}"
EndProject
Project("{9A19103F-16F7-4668-BE54-9A1E7A4F7556}") = "Bai1", "..\Bai1\Bai1.csproj", "{A577A723-D301-44BA-A538-0AC3A2828181}"
EndProject
Project("{9A19103F-16F7-4668-BE54-9A1E7A4F7556}") = "Bai2", "..\Bai2\Bai2.csproj", "{D351AD6E-4C86-489A-A4BF-2C17EC5202EE}"
EndProject
Project("{FAE04EC0-301F-11D3-BF4B-00C04F79EFBC}") = "Bai3", "..\Bai3\Bai3.csproj", "{D5C5D7D4-9F17-49FD-B209-DEA7EE2CFA68}"
EndProject
Project("{FAE04EC0-301F-11D3-BF4B-00C04F79EFBC}") = "Bai4", "..\Bai4\Bai4.csproj", "{78E463DF-A803-48C4-974D-A065D831960A}"
EndProject
Project("{FAE04EC0-301F-11D3-BF4B-00C04F79EFBC}") = "Bai5", "..\Bai5\Bai5.csproj", "{1C57E9E2-84BA-4779-91C5-E1506A99A2D0}"
EndProject
Project("{FAE04EC0-301F-11D3-BF4B-00C04F79EFBC}") = "Bai6", "..\Bai6\Bai6.csproj", "{F7FEF243-0268-42F4-8898-9AF03CD7F88A}"
EndProject
Project("{FAE04EC0-301F-11D3-BF4B-00C04F79EFBC}") = "Bai7", "..\Bai7\Bai7.csproj", "{2D428176-1859-4F1F-8CAA-13230A2B8B52}"
EndProject
Project("{FAE04EC0-301F-11D3-BF4B-00C04F79EFBC}") = "Bai8", "..\Bai8\Bai8.csproj", "{CD919F5A-0C08-44AC-B8E2-27EC97EB7AB7}"
EndProject
Project("{FAE04EC0-301F-11D3-BF4B-00C04F79EFBC}") = "PRN212_Slot1_Bai4", "..\PRN212_Slot1_Bai4\PRN212_Slot1_Bai4.csproj", "{40E468D4-E39E-4B5D-A67D-794EBAE1A429}"
EndProject
Project("{FAE04EC0-301F-11D3-BF4B-00C04F79EFBC}") = "PRN212_Slot1_Bai5", "..\PRN212_Slot1_Bai5\PRN212_Slot1_Bai5.csproj", "{6997C19C-7F22-4046-B254-7D97B145BAC9}"
EndProject
Project("{FAE04EC0-301F-11D3-BF4B-00C04F79EFBC}") = "PRN212_Slot1_Bai6", "..\PRN212_Slot1_Bai6\PRN212_Slot1_Bai6.csproj", "{5DD7B86F-30F7-4CC4-99CE-940D1F186D78}"
EndProject
Project("{FAE04EC0-301F-11D3-BF4B-00C04F79EFBC}") = "PRN212_Slot1_Bai7", "..\PRN212_Slot1_Bai7\PRN212_Slot1_Bai7.csproj", "{51E00783-1388-4CE6-ADC1-CAD4137D3D4D}"
EndProject
Project("{FAE04EC0-301F-11D3-BF4B-00C04F79EFBC}") = "PRN212_Slot1_Bai8", "..\PRN212_Slot1_Bai8\PRN212_Slot1_Bai8.csproj", "{5912C5B8-2BFF-4EDB-A2D8-1FC035A39358}"
EndProject
Global
	GlobalSection(SolutionConfigurationPlatforms) = preSolution
		Debug|Any CPU = Debug|Any CPU
		Release|Any CPU = Release|Any CPU
	EndGlobalSection
	GlobalSection(ProjectConfigurationPlatforms) = postSolution
		{1FDAB747-AA68-4A96-B802-AF5169A56479}.Debug|Any CPU.ActiveCfg = Debug|Any CPU
		{1FDAB747-AA68-4A96-B802-AF5169A56479}.Debug|Any CPU.Build.0 = Debug|Any CPU
		{1FDAB747-AA68-4A96-B802-AF5169A56479}.Release|Any CPU.ActiveCfg = Release|Any CPU
		{1FDAB747-AA68-4A96-B802-AF5169A56479}.Release|Any CPU.Build.0 = Release|Any CPU
		{3FE4145E-411C-44F1-ACC1-5A8FD870B69B}.Debug|Any CPU.ActiveCfg = Debug|Any CPU
		{3FE4145E-411C-44F1-ACC1-5A8FD870B69B}.Debug|Any CPU.Build.0 = Debug|Any CPU
		{3FE4145E-411C-44F1-ACC1-5A8FD870B69B}.Release|Any CPU.ActiveCfg = Release|Any CPU
		{3FE4145E-411C-44F1-ACC1-5A8FD870B69B}.Release|Any CPU.Build.0 = Release|Any CPU
		{A577A723-D301-44BA-A538-0AC3A2828181}.Debug|Any CPU.ActiveCfg = Debug|Any CPU
		{A577A723-D301-44BA-A538-0AC3A2828181}.Debug|Any CPU.Build.0 = Debug|Any CPU
		{A577A723-D301-44BA-A538-0AC3A2828181}.Release|Any CPU.ActiveCfg = Release|Any CPU
		{A577A723-D301-44BA-A538-0AC3A2828181}.Release|Any CPU.Build.0 = Release|Any CPU
		{D351AD6E-4C86-489A-A4BF-2C17EC5202EE}.Debug|Any CPU.ActiveCfg = Debug|Any CPU
		{D351AD6E-4C86-489A-A4BF-2C17EC5202EE}.Debug|Any CPU.Build.0 = Debug|Any CPU
		{D351AD6E-4C86-489A-A4BF-2C17EC5202EE}.Release|Any CPU.ActiveCfg = Release|Any CPU
		{D351AD6E-4C86-489A-A4BF-2C17EC5202EE}.Release|Any CPU.Build.0 = Release|Any CPU
		{D5C5D7D4-9F17-49FD-B209-DEA7EE2CFA68}.Debug|Any CPU.ActiveCfg = Debug|Any CPU
		{D5C5D7D4-9F17-49FD-B209-DEA7EE2CFA68}.Debug|Any CPU.Build.0 = Debug|Any CPU
		{D5C5D7D4-9F17-49FD-B209-DEA7EE2CFA68}.Release|Any CPU.ActiveCfg = Release|Any CPU
		{D5C5D7D4-9F17-49FD-B209-DEA7EE2CFA68}.Release|Any CPU.Build.0 = Release|Any CPU
		{78E463DF-A803-48C4-974D-A065D831960A}.Debug|Any CPU.ActiveCfg = Debug|Any CPU
		{78E463DF-A803-48C4-974D-A065D831960A}.Debug|Any CPU.Build.0 = Debug|Any CPU
		{78E463DF-A803-48C4-974D-A065D831960A}.Release|Any CPU.ActiveCfg = Release|Any CPU
		{78E463DF-A803-48C4-974D-A065D831960A}.Release|Any CPU.Build.0 = Release|Any CPU
		{1C57E9E2-84BA-4779-91C5-E1506A99A2D0}.Debug|Any CPU.ActiveCfg = Debug|Any CPU
		{1C57E9E2-84BA-4779-91C5-E1506A99A2D0}.Debug|Any CPU.Build.0 = Debug|Any CPU
		{1C57E9E2-84BA-4779-91C5-E1506A99A2D0}.Release|Any CPU.ActiveCfg = Release|Any CPU
		{1C57E9E2-84BA-4779-91C5-E1506A99A2D0}.Release|Any CPU.Build.0 = Release|Any CPU
		{F7FEF243-0268-42F4-8898-9AF03CD7F88A}.Debug|Any CPU.ActiveCfg = Debug|Any CPU
		{F7FEF243-0268-42F4-8898-9AF03CD7F88A}.Debug|Any CPU.Build.0 = Debug|Any CPU
		{F7FEF243-0268-42F4-8898-9AF03CD7F88A}.Release|Any CPU.ActiveCfg = Release|Any CPU
		{F7FEF243-0268-42F4-8898-9AF03CD7F88A}.Release|Any CPU.Build.0 = Release|Any CPU
		{2D428176-1859-4F1F-8CAA-13230A2B8B52}.Debug|Any CPU.ActiveCfg = Debug|Any CPU
		{2D428176-1859-4F1F-8CAA-13230A2B8B52}.Debug|Any CPU.Build.0 = Debug|Any CPU
		{2D428176-1859-4F1F-8CAA-13230A2B8B52}.Release|Any CPU.ActiveCfg = Release|Any CPU
		{2D428176-1859-4F1F-8CAA-13230A2B8B52}.Release|Any CPU.Build.0 = Release|Any CPU
		{CD919F5A-0C08-44AC-B8E2-27EC97EB7AB7}.Debug|Any CPU.ActiveCfg = Debug|Any CPU
		{CD919F5A-0C08-44AC-B8E2-27EC97EB7AB7}.Debug|Any CPU.Build.0 = Debug|Any CPU
		{CD919F5A-0C08-44AC-B8E2-27EC97EB7AB7}.Release|Any CPU.ActiveCfg = Release|Any CPU
		{CD919F5A-0C08-44AC-B8E2-27EC97EB7AB7}.Release|Any CPU.Build.0 = Release|Any CPU
		{40E468D4-E39E-4B5D-A67D-794EBAE1A429}.Debug|Any CPU.ActiveCfg = Debug|Any CPU
		{40E468D4-E39E-4B5D-A67D-794EBAE1A429}.Debug|Any CPU.Build.0 = Debug|Any CPU
		{40E468D4-E39E-4B5D-A67D-794EBAE1A429}.Release|Any CPU.ActiveCfg = Release|Any CPU
		{40E468D4-E39E-4B5D-A67D-794EBAE1A429}.Release|Any CPU.Build.0 = Release|Any CPU
		{6997C19C-7F22-4046-B254-7D97B145BAC9}.Debug|Any CPU.ActiveCfg = Debug|Any CPU
		{6997C19C-7F22-4046-B254-7D97B145BAC9}.Debug|Any CPU.Build.0 = Debug|Any CPU
		{6997C19C-7F22-4046-B254-7D97B145BAC9}.Release|Any CPU.ActiveCfg = Release|Any CPU
		{6997C19C-7F22-4046-B254-7D97B145BAC9}.Release|Any CPU.Build.0 = Release|Any CPU
		{5DD7B86F-30F7-4CC4-99CE-940D1F186D78}.Debug|Any CPU.ActiveCfg = Debug|Any CPU
		{5DD7B86F-30F7-4CC4-99CE-940D1F186D78}.Debug|Any CPU.Build.0 = Debug|Any CPU
		{5DD7B86F-30F7-4CC4-99CE-940D1F186D78}.Release|Any CPU.ActiveCfg = Release|Any CPU
		{5DD7B86F-30F7-4CC4-99CE-940D1F186D78}.Release|Any CPU.Build.0 = Release|Any CPU
		{51E00783-1388-4CE6-ADC1-CAD4137D3D4D}.Debug|Any CPU.ActiveCfg = Debug|Any CPU
		{51E00783-1388-4CE6-ADC1-CAD4137D3D4D}.Debug|Any CPU.Build.0 = Debug|Any CPU
		{51E00783-1388-4CE6-ADC1-CAD4137D3D4D}.Release|Any CPU.ActiveCfg = Release|Any CPU
		{51E00783-1388-4CE6-ADC1-CAD4137D3D4D}.Release|Any CPU.Build.0 = Release|Any CPU
		{5912C5B8-2BFF-4EDB-A2D8-1FC035A39358}.Debug|Any CPU.ActiveCfg = Debug|Any CPU
		{5912C5B8-2BFF-4EDB-A2D8-1FC035A39358}.Debug|Any CPU.Build.0 = Debug|Any CPU
		{5912C5B8-2BFF-4EDB-A2D8-1FC035A39358}.Release|Any CPU.ActiveCfg = Release|Any CPU
		{5912C5B8-2BFF-4EDB-A2D8-1FC035A39358}.Release|Any CPU.Build.0 = Release|Any CPU
	EndGlobalSection
	GlobalSection(SolutionProperties) = preSolution
		HideSolutionNode = FALSE
	EndGlobalSection
	GlobalSection(NestedProjects) = preSolution
		{A577A723-D301-44BA-A538-0AC3A2828181} = {BF3E4D65-0D21-4DF7-BA1D-A36837F619FD}
		{D351AD6E-4C86-489A-A4BF-2C17EC5202EE} = {BF3E4D65-0D21-4DF7-BA1D-A36837F619FD}
		{D5C5D7D4-9F17-49FD-B209-DEA7EE2CFA68} = {BF3E4D65-0D21-4DF7-BA1D-A36837F619FD}
		{78E463DF-A803-48C4-974D-A065D831960A} = {BF3E4D65-0D21-4DF7-BA1D-A36837F619FD}
		{1C57E9E2-84BA-4779-91C5-E1506A99A2D0} = {BF3E4D65-0D21-4DF7-BA1D-A36837F619FD}
		{F7FEF243-0268-42F4-8898-9AF03CD7F88A} = {BF3E4D65-0D21-4DF7-BA1D-A36837F619FD}
		{2D428176-1859-4F1F-8CAA-13230A2B8B52} = {BF3E4D65-0D21-4DF7-BA1D-A36837F619FD}
		{CD919F5A-0C08-44AC-B8E2-27EC97EB7AB7} = {BF3E4D65-0D21-4DF7-BA1D-A36837F619FD}
	EndGlobalSection
	GlobalSection(ExtensibilityGlobals) = postSolution
		SolutionGuid = {191750F9-CEF3-4FC5-A15C-EF8A877C91D6}
	EndGlobalSection
EndGlobal
